
Microsoft Visual Studio Solution File, Format Version 12.00
# Visual Studio 15
VisualStudioVersion = 15.0.28307.902
MinimumVisualStudioVersion = 10.0.40219.1
Project("{FAE04EC0-301F-11D3-BF4B-00C04F79EFBC}") = "Chapter5.Android", "Chapter5\Chapter5.Android\Chapter5.Android.csproj", "{96554239-B0C0-4243-BF4A-7C044D7660A1}"
EndProject
Project("{FAE04EC0-301F-11D3-BF4B-00C04F79EFBC}") = "Chapter5.iOS", "Chapter5\Chapter5.iOS\Chapter5.iOS.csproj", "{009671F2-4E1B-4102-84F3-0648BD42340E}"
EndProject
Project("{FAE04EC0-301F-11D3-BF4B-00C04F79EFBC}") = "Chapter5", "Chapter5\Chapter5\Chapter5.csproj", "{E8A6688A-5148-45AB-83EA-2BAEB6D6B0F0}"
EndProject
Global
	GlobalSection(SolutionConfigurationPlatforms) = preSolution
		Ad-Hoc|Any CPU = Ad-Hoc|Any CPU
		Ad-Hoc|iPhone = Ad-Hoc|iPhone
		Ad-Hoc|iPhoneSimulator = Ad-Hoc|iPhoneSimulator
		AppStore|Any CPU = AppStore|Any CPU
		AppStore|iPhone = AppStore|iPhone
		AppStore|iPhoneSimulator = AppStore|iPhoneSimulator
		Debug|Any CPU = Debug|Any CPU
		Debug|iPhone = Debug|iPhone
		Debug|iPhoneSimulator = Debug|iPhoneSimulator
		Release|Any CPU = Release|Any CPU
		Release|iPhone = Release|iPhone
		Release|iPhoneSimulator = Release|iPhoneSimulator
	EndGlobalSection
	GlobalSection(ProjectConfigurationPlatforms) = postSolution
		{96554239-B0C0-4243-BF4A-7C044D7660A1}.Ad-Hoc|Any CPU.ActiveCfg = Release|Any CPU
		{96554239-B0C0-4243-BF4A-7C044D7660A1}.Ad-Hoc|Any CPU.Build.0 = Release|Any CPU
		{96554239-B0C0-4243-BF4A-7C044D7660A1}.Ad-Hoc|Any CPU.Deploy.0 = Release|Any CPU
		{96554239-B0C0-4243-BF4A-7C044D7660A1}.Ad-Hoc|iPhone.ActiveCfg = Release|Any CPU
		{96554239-B0C0-4243-BF4A-7C044D7660A1}.Ad-Hoc|iPhone.Build.0 = Release|Any CPU
		{96554239-B0C0-4243-BF4A-7C044D7660A1}.Ad-Hoc|iPhone.Deploy.0 = Release|Any CPU
		{96554239-B0C0-4243-BF4A-7C044D7660A1}.Ad-Hoc|iPhoneSimulator.ActiveCfg = Release|Any CPU
		{96554239-B0C0-4243-BF4A-7C044D7660A1}.Ad-Hoc|iPhoneSimulator.Build.0 = Release|Any CPU
		{96554239-B0C0-4243-BF4A-7C044D7660A1}.Ad-Hoc|iPhoneSimulator.Deploy.0 = Release|Any CPU
		{96554239-B0C0-4243-BF4A-7C044D7660A1}.AppStore|Any CPU.ActiveCfg = Release|Any CPU
		{96554239-B0C0-4243-BF4A-7C044D7660A1}.AppStore|Any CPU.Build.0 = Release|Any CPU
		{96554239-B0C0-4243-BF4A-7C044D7660A1}.AppStore|Any CPU.Deploy.0 = Release|Any CPU
		{96554239-B0C0-4243-BF4A-7C044D7660A1}.AppStore|iPhone.ActiveCfg = Release|Any CPU
		{96554239-B0C0-4243-BF4A-7C044D7660A1}.AppStore|iPhone.Build.0 = Release|Any CPU
		{96554239-B0C0-4243-BF4A-7C044D7660A1}.AppStore|iPhone.Deploy.0 = Release|Any CPU
		{96554239-B0C0-4243-BF4A-7C044D7660A1}.AppStore|iPhoneSimulator.ActiveCfg = Release|Any CPU
		{96554239-B0C0-4243-BF4A-7C044D7660A1}.AppStore|iPhoneSimulator.Build.0 = Release|Any CPU
		{96554239-B0C0-4243-BF4A-7C044D7660A1}.AppStore|iPhoneSimulator.Deploy.0 = Release|Any CPU
		{96554239-B0C0-4243-BF4A-7C044D7660A1}.Debug|Any CPU.ActiveCfg = Debug|Any CPU
		{96554239-B0C0-4243-BF4A-7C044D7660A1}.Debug|Any CPU.Build.0 = Debug|Any CPU
		{96554239-B0C0-4243-BF4A-7C044D7660A1}.Debug|Any CPU.Deploy.0 = Debug|Any CPU
		{96554239-B0C0-4243-BF4A-7C044D7660A1}.Debug|iPhone.ActiveCfg = Debug|Any CPU
		{96554239-B0C0-4243-BF4A-7C044D7660A1}.Debug|iPhone.Build.0 = Debug|Any CPU
		{96554239-B0C0-4243-BF4A-7C044D7660A1}.Debug|iPhone.Deploy.0 = Debug|Any CPU
		{96554239-B0C0-4243-BF4A-7C044D7660A1}.Debug|iPhoneSimulator.ActiveCfg = Debug|Any CPU
		{96554239-B0C0-4243-BF4A-7C044D7660A1}.Debug|iPhoneSimulator.Build.0 = Debug|Any CPU
		{96554239-B0C0-4243-BF4A-7C044D7660A1}.Debug|iPhoneSimulator.Deploy.0 = Debug|Any CPU
		{96554239-B0C0-4243-BF4A-7C044D7660A1}.Release|Any CPU.ActiveCfg = Release|Any CPU
		{96554239-B0C0-4243-BF4A-7C044D7660A1}.Release|Any CPU.Build.0 = Release|Any CPU
		{96554239-B0C0-4243-BF4A-7C044D7660A1}.Release|Any CPU.Deploy.0 = Release|Any CPU
		{96554239-B0C0-4243-BF4A-7C044D7660A1}.Release|iPhone.ActiveCfg = Release|Any CPU
		{96554239-B0C0-4243-BF4A-7C044D7660A1}.Release|iPhone.Build.0 = Release|Any CPU
		{96554239-B0C0-4243-BF4A-7C044D7660A1}.Release|iPhone.Deploy.0 = Release|Any CPU
		{96554239-B0C0-4243-BF4A-7C044D7660A1}.Release|iPhoneSimulator.ActiveCfg = Release|Any CPU
		{96554239-B0C0-4243-BF4A-7C044D7660A1}.Release|iPhoneSimulator.Build.0 = Release|Any CPU
		{96554239-B0C0-4243-BF4A-7C044D7660A1}.Release|iPhoneSimulator.Deploy.0 = Release|Any CPU
		{009671F2-4E1B-4102-84F3-0648BD42340E}.Ad-Hoc|Any CPU.ActiveCfg = Ad-Hoc|iPhone
		{009671F2-4E1B-4102-84F3-0648BD42340E}.Ad-Hoc|Any CPU.Build.0 = Ad-Hoc|iPhone
		{009671F2-4E1B-4102-84F3-0648BD42340E}.Ad-Hoc|Any CPU.Deploy.0 = Ad-Hoc|iPhone
		{009671F2-4E1B-4102-84F3-0648BD42340E}.Ad-Hoc|iPhone.ActiveCfg = Ad-Hoc|iPhone
		{009671F2-4E1B-4102-84F3-0648BD42340E}.Ad-Hoc|iPhone.Build.0 = Ad-Hoc|iPhone
		{009671F2-4E1B-4102-84F3-0648BD42340E}.Ad-Hoc|iPhone.Deploy.0 = Ad-Hoc|iPhone
		{009671F2-4E1B-4102-84F3-0648BD42340E}.Ad-Hoc|iPhoneSimulator.ActiveCfg = Ad-Hoc|iPhoneSimulator
		{009671F2-4E1B-4102-84F3-0648BD42340E}.Ad-Hoc|iPhoneSimulator.Build.0 = Ad-Hoc|iPhoneSimulator
		{009671F2-4E1B-4102-84F3-0648BD42340E}.Ad-Hoc|iPhoneSimulator.Deploy.0 = Ad-Hoc|iPhoneSimulator
		{009671F2-4E1B-4102-84F3-0648BD42340E}.AppStore|Any CPU.ActiveCfg = AppStore|iPhone
		{009671F2-4E1B-4102-84F3-0648BD42340E}.AppStore|Any CPU.Build.0 = AppStore|iPhone
		{009671F2-4E1B-4102-84F3-0648BD42340E}.AppStore|Any CPU.Deploy.0 = AppStore|iPhone
		{009671F2-4E1B-4102-84F3-0648BD42340E}.AppStore|iPhone.ActiveCfg = AppStore|iPhone
		{009671F2-4E1B-4102-84F3-0648BD42340E}.AppStore|iPhone.Build.0 = AppStore|iPhone
		{009671F2-4E1B-4102-84F3-0648BD42340E}.AppStore|iPhone.Deploy.0 = AppStore|iPhone
		{009671F2-4E1B-4102-84F3-0648BD42340E}.AppStore|iPhoneSimulator.ActiveCfg = AppStore|iPhoneSimulator
		{009671F2-4E1B-4102-84F3-0648BD42340E}.AppStore|iPhoneSimulator.Build.0 = AppStore|iPhoneSimulator
		{009671F2-4E1B-4102-84F3-0648BD42340E}.AppStore|iPhoneSimulator.Deploy.0 = AppStore|iPhoneSimulator
		{009671F2-4E1B-4102-84F3-0648BD42340E}.Debug|Any CPU.ActiveCfg = Debug|iPhoneSimulator
		{009671F2-4E1B-4102-84F3-0648BD42340E}.Debug|Any CPU.Build.0 = Debug|iPhoneSimulator
		{009671F2-4E1B-4102-84F3-0648BD42340E}.Debug|Any CPU.Deploy.0 = Debug|iPhoneSimulator
		{009671F2-4E1B-4102-84F3-0648BD42340E}.Debug|iPhone.ActiveCfg = Debug|iPhone
		{009671F2-4E1B-4102-84F3-0648BD42340E}.Debug|iPhone.Build.0 = Debug|iPhone
		{009671F2-4E1B-4102-84F3-0648BD42340E}.Debug|iPhone.Deploy.0 = Debug|iPhone
		{009671F2-4E1B-4102-84F3-0648BD42340E}.Debug|iPhoneSimulator.ActiveCfg = Debug|iPhoneSimulator
		{009671F2-4E1B-4102-84F3-0648BD42340E}.Debug|iPhoneSimulator.Build.0 = Debug|iPhoneSimulator
		{009671F2-4E1B-4102-84F3-0648BD42340E}.Debug|iPhoneSimulator.Deploy.0 = Debug|iPhoneSimulator
		{009671F2-4E1B-4102-84F3-0648BD42340E}.Release|Any CPU.ActiveCfg = Release|iPhone
		{009671F2-4E1B-4102-84F3-0648BD42340E}.Release|Any CPU.Build.0 = Release|iPhone
		{009671F2-4E1B-4102-84F3-0648BD42340E}.Release|Any CPU.Deploy.0 = Release|iPhone
		{009671F2-4E1B-4102-84F3-0648BD42340E}.Release|iPhone.ActiveCfg = Release|iPhone
		{009671F2-4E1B-4102-84F3-0648BD42340E}.Release|iPhone.Build.0 = Release|iPhone
		{009671F2-4E1B-4102-84F3-0648BD42340E}.Release|iPhone.Deploy.0 = Release|iPhone
		{009671F2-4E1B-4102-84F3-0648BD42340E}.Release|iPhoneSimulator.ActiveCfg = Release|iPhoneSimulator
		{009671F2-4E1B-4102-84F3-0648BD42340E}.Release|iPhoneSimulator.Build.0 = Release|iPhoneSimulator
		{009671F2-4E1B-4102-84F3-0648BD42340E}.Release|iPhoneSimulator.Deploy.0 = Release|iPhoneSimulator
		{E8A6688A-5148-45AB-83EA-2BAEB6D6B0F0}.Ad-Hoc|Any CPU.ActiveCfg = Debug|Any CPU
		{E8A6688A-5148-45AB-83EA-2BAEB6D6B0F0}.Ad-Hoc|Any CPU.Build.0 = Debug|Any CPU
		{E8A6688A-5148-45AB-83EA-2BAEB6D6B0F0}.Ad-Hoc|Any CPU.Deploy.0 = Debug|Any CPU
		{E8A6688A-5148-45AB-83EA-2BAEB6D6B0F0}.Ad-Hoc|iPhone.ActiveCfg = Debug|Any CPU
		{E8A6688A-5148-45AB-83EA-2BAEB6D6B0F0}.Ad-Hoc|iPhone.Build.0 = Debug|Any CPU
		{E8A6688A-5148-45AB-83EA-2BAEB6D6B0F0}.Ad-Hoc|iPhone.Deploy.0 = Debug|Any CPU
		{E8A6688A-5148-45AB-83EA-2BAEB6D6B0F0}.Ad-Hoc|iPhoneSimulator.ActiveCfg = Debug|Any CPU
		{E8A6688A-5148-45AB-83EA-2BAEB6D6B0F0}.Ad-Hoc|iPhoneSimulator.Build.0 = Debug|Any CPU
		{E8A6688A-5148-45AB-83EA-2BAEB6D6B0F0}.Ad-Hoc|iPhoneSimulator.Deploy.0 = Debug|Any CPU
		{E8A6688A-5148-45AB-83EA-2BAEB6D6B0F0}.AppStore|Any CPU.ActiveCfg = Debug|Any CPU
		{E8A6688A-5148-45AB-83EA-2BAEB6D6B0F0}.AppStore|Any CPU.Build.0 = Debug|Any CPU
		{E8A6688A-5148-45AB-83EA-2BAEB6D6B0F0}.AppStore|Any CPU.Deploy.0 = Debug|Any CPU
		{E8A6688A-5148-45AB-83EA-2BAEB6D6B0F0}.AppStore|iPhone.ActiveCfg = Debug|Any CPU
		{E8A6688A-5148-45AB-83EA-2BAEB6D6B0F0}.AppStore|iPhone.Build.0 = Debug|Any CPU
		{E8A6688A-5148-45AB-83EA-2BAEB6D6B0F0}.AppStore|iPhone.Deploy.0 = Debug|Any CPU
		{E8A6688A-5148-45AB-83EA-2BAEB6D6B0F0}.AppStore|iPhoneSimulator.ActiveCfg = Debug|Any CPU
		{E8A6688A-5148-45AB-83EA-2BAEB6D6B0F0}.AppStore|iPhoneSimulator.Build.0 = Debug|Any CPU
		{E8A6688A-5148-45AB-83EA-2BAEB6D6B0F0}.AppStore|iPhoneSimulator.Deploy.0 = Debug|Any CPU
		{E8A6688A-5148-45AB-83EA-2BAEB6D6B0F0}.Debug|Any CPU.ActiveCfg = Debug|Any CPU
		{E8A6688A-5148-45AB-83EA-2BAEB6D6B0F0}.Debug|Any CPU.Build.0 = Debug|Any CPU
		{E8A6688A-5148-45AB-83EA-2BAEB6D6B0F0}.Debug|Any CPU.Deploy.0 = Debug|Any CPU
		{E8A6688A-5148-45AB-83EA-2BAEB6D6B0F0}.Debug|iPhone.ActiveCfg = Debug|Any CPU
		{E8A6688A-5148-45AB-83EA-2BAEB6D6B0F0}.Debug|iPhone.Build.0 = Debug|Any CPU
		{E8A6688A-5148-45AB-83EA-2BAEB6D6B0F0}.Debug|iPhone.Deploy.0 = Debug|Any CPU
		{E8A6688A-5148-45AB-83EA-2BAEB6D6B0F0}.Debug|iPhoneSimulator.ActiveCfg = Debug|Any CPU
		{E8A6688A-5148-45AB-83EA-2BAEB6D6B0F0}.Debug|iPhoneSimulator.Build.0 = Debug|Any CPU
		{E8A6688A-5148-45AB-83EA-2BAEB6D6B0F0}.Debug|iPhoneSimulator.Deploy.0 = Debug|Any CPU
		{E8A6688A-5148-45AB-83EA-2BAEB6D6B0F0}.Release|Any CPU.ActiveCfg = Release|Any CPU
		{E8A6688A-5148-45AB-83EA-2BAEB6D6B0F0}.Release|Any CPU.Build.0 = Release|Any CPU
		{E8A6688A-5148-45AB-83EA-2BAEB6D6B0F0}.Release|Any CPU.Deploy.0 = Release|Any CPU
		{E8A6688A-5148-45AB-83EA-2BAEB6D6B0F0}.Release|iPhone.ActiveCfg = Release|Any CPU
		{E8A6688A-5148-45AB-83EA-2BAEB6D6B0F0}.Release|iPhone.Build.0 = Release|Any CPU
		{E8A6688A-5148-45AB-83EA-2BAEB6D6B0F0}.Release|iPhone.Deploy.0 = Release|Any CPU
		{E8A6688A-5148-45AB-83EA-2BAEB6D6B0F0}.Release|iPhoneSimulator.ActiveCfg = Release|Any CPU
		{E8A6688A-5148-45AB-83EA-2BAEB6D6B0F0}.Release|iPhoneSimulator.Build.0 = Release|Any CPU
		{E8A6688A-5148-45AB-83EA-2BAEB6D6B0F0}.Release|iPhoneSimulator.Deploy.0 = Release|Any CPU
	EndGlobalSection
	GlobalSection(SolutionProperties) = preSolution
		HideSolutionNode = FALSE
	EndGlobalSection
	GlobalSection(ExtensibilityGlobals) = postSolution
		SolutionGuid = {8147ABD9-C0BC-4D65-B1EF-588600F6D7CE}
	EndGlobalSection
EndGlobal
